Microsoft Visual Studio Solution File, Format Version 12.00
# Visual Studio Version 17
VisualStudioVersion = 17.0.31903.59
MinimumVisualStudioVersion = 10.0.40219.1
Project("{2150E333-8FDC-42A3-9474-1A3956D46DE8}") = "src", "src", "{827E0CD3-B72D-47B6-A68D-7590B98EB39B}"
EndProject
Project("{FAE04EC0-301F-11D3-BF4B-00C04F79EFBC}") = "PayHelp.Domain", "src\PayHelp.Domain\PayHelp.Domain.csproj", "{66321B63-6818-485F-BEB2-C30053EC21A7}"
EndProject
Project("{FAE04EC0-301F-11D3-BF4B-00C04F79EFBC}") = "PayHelp.Application", "src\PayHelp.Application\PayHelp.Application.csproj", "{C6D41AD0-CF92-4131-947B-DFB2D7805B80}"
EndProject
Project("{FAE04EC0-301F-11D3-BF4B-00C04F79EFBC}") = "PayHelp.Infrastructure.InMemory", "src\PayHelp.Infrastructure.InMemory\PayHelp.Infrastructure.InMemory.csproj", "{1577DE4C-2ABA-49B2-8959-168EA00819FB}"
EndProject
Project("{FAE04EC0-301F-11D3-BF4B-00C04F79EFBC}") = "PayHelp.WebApp.Mvc", "src\PayHelp.WebApp.Mvc\PayHelp.WebApp.Mvc.csproj", "{844A568E-505E-4B4F-A651-E1A35CF3035E}"
EndProject
Project("{FAE04EC0-301F-11D3-BF4B-00C04F79EFBC}") = "PayHelp.Desktop.WinForms", "src\PayHelp.Desktop.WinForms\PayHelp.Desktop.WinForms.csproj", "{F037E0A6-C5D8-4645-932B-FD76E5F4CCC6}"
EndProject
Project("{FAE04EC0-301F-11D3-BF4B-00C04F79EFBC}") = "PayHelp.Tests", "tests\PayHelp.Tests\PayHelp.Tests.csproj", "{C4438E49-F352-40D9-89B0-10F5C6DFF718}"
EndProject
Project("{FAE04EC0-301F-11D3-BF4B-00C04F79EFBC}") = "PayHelp.Api", "src\PayHelp.Api\PayHelp.Api.csproj", "{7E6C4A3E-0A4B-4E94-A5C4-3F4D4A1F9A11}"
EndProject
Global
	GlobalSection(SolutionConfigurationPlatforms) = preSolution
		Debug|Any CPU = Debug|Any CPU
		Debug|x64 = Debug|x64
		Debug|x86 = Debug|x86
		Release|Any CPU = Release|Any CPU
		Release|x64 = Release|x64
		Release|x86 = Release|x86
	EndGlobalSection
	GlobalSection(ProjectConfigurationPlatforms) = postSolution
		{66321B63-6818-485F-BEB2-C30053EC21A7}.Debug|Any CPU.ActiveCfg = Debug|Any CPU
		{66321B63-6818-485F-BEB2-C30053EC21A7}.Debug|Any CPU.Build.0 = Debug|Any CPU
		{66321B63-6818-485F-BEB2-C30053EC21A7}.Debug|x64.ActiveCfg = Debug|Any CPU
		{66321B63-6818-485F-BEB2-C30053EC21A7}.Debug|x64.Build.0 = Debug|Any CPU
		{66321B63-6818-485F-BEB2-C30053EC21A7}.Debug|x86.ActiveCfg = Debug|Any CPU
		{66321B63-6818-485F-BEB2-C30053EC21A7}.Debug|x86.Build.0 = Debug|Any CPU
		{66321B63-6818-485F-BEB2-C30053EC21A7}.Release|Any CPU.ActiveCfg = Release|Any CPU
		{66321B63-6818-485F-BEB2-C30053EC21A7}.Release|Any CPU.Build.0 = Release|Any CPU
		{66321B63-6818-485F-BEB2-C30053EC21A7}.Release|x64.ActiveCfg = Release|Any CPU
		{66321B63-6818-485F-BEB2-C30053EC21A7}.Release|x64.Build.0 = Release|Any CPU
		{66321B63-6818-485F-BEB2-C30053EC21A7}.Release|x86.ActiveCfg = Release|Any CPU
		{66321B63-6818-485F-BEB2-C30053EC21A7}.Release|x86.Build.0 = Release|Any CPU
		{C6D41AD0-CF92-4131-947B-DFB2D7805B80}.Debug|Any CPU.ActiveCfg = Debug|Any CPU
		{C6D41AD0-CF92-4131-947B-DFB2D7805B80}.Debug|Any CPU.Build.0 = Debug|Any CPU
		{C6D41AD0-CF92-4131-947B-DFB2D7805B80}.Debug|x64.ActiveCfg = Debug|Any CPU
		{C6D41AD0-CF92-4131-947B-DFB2D7805B80}.Debug|x64.Build.0 = Debug|Any CPU
		{C6D41AD0-CF92-4131-947B-DFB2D7805B80}.Debug|x86.ActiveCfg = Debug|Any CPU
		{C6D41AD0-CF92-4131-947B-DFB2D7805B80}.Debug|x86.Build.0 = Debug|Any CPU
		{C6D41AD0-CF92-4131-947B-DFB2D7805B80}.Release|Any CPU.ActiveCfg = Release|Any CPU
		{C6D41AD0-CF92-4131-947B-DFB2D7805B80}.Release|Any CPU.Build.0 = Release|Any CPU
		{C6D41AD0-CF92-4131-947B-DFB2D7805B80}.Release|x64.ActiveCfg = Release|Any CPU
		{C6D41AD0-CF92-4131-947B-DFB2D7805B80}.Release|x64.Build.0 = Release|Any CPU
		{C6D41AD0-CF92-4131-947B-DFB2D7805B80}.Release|x86.ActiveCfg = Release|Any CPU
		{C6D41AD0-CF92-4131-947B-DFB2D7805B80}.Release|x86.Build.0 = Release|Any CPU
		{1577DE4C-2ABA-49B2-8959-168EA00819FB}.Debug|Any CPU.ActiveCfg = Debug|Any CPU
		{1577DE4C-2ABA-49B2-8959-168EA00819FB}.Debug|Any CPU.Build.0 = Debug|Any CPU
		{1577DE4C-2ABA-49B2-8959-168EA00819FB}.Debug|x64.ActiveCfg = Debug|Any CPU
		{1577DE4C-2ABA-49B2-8959-168EA00819FB}.Debug|x64.Build.0 = Debug|Any CPU
		{1577DE4C-2ABA-49B2-8959-168EA00819FB}.Debug|x86.ActiveCfg = Debug|Any CPU
		{1577DE4C-2ABA-49B2-8959-168EA00819FB}.Debug|x86.Build.0 = Debug|Any CPU
		{1577DE4C-2ABA-49B2-8959-168EA00819FB}.Release|Any CPU.ActiveCfg = Release|Any CPU
		{1577DE4C-2ABA-49B2-8959-168EA00819FB}.Release|Any CPU.Build.0 = Release|Any CPU
		{1577DE4C-2ABA-49B2-8959-168EA00819FB}.Release|x64.ActiveCfg = Release|Any CPU
		{1577DE4C-2ABA-49B2-8959-168EA00819FB}.Release|x64.Build.0 = Release|Any CPU
		{1577DE4C-2ABA-49B2-8959-168EA00819FB}.Release|x86.ActiveCfg = Release|Any CPU
		{1577DE4C-2ABA-49B2-8959-168EA00819FB}.Release|x86.Build.0 = Release|Any CPU
		{844A568E-505E-4B4F-A651-E1A35CF3035E}.Debug|Any CPU.ActiveCfg = Debug|Any CPU
		{844A568E-505E-4B4F-A651-E1A35CF3035E}.Debug|Any CPU.Build.0 = Debug|Any CPU
		{844A568E-505E-4B4F-A651-E1A35CF3035E}.Debug|x64.ActiveCfg = Debug|Any CPU
		{844A568E-505E-4B4F-A651-E1A35CF3035E}.Debug|x64.Build.0 = Debug|Any CPU
		{844A568E-505E-4B4F-A651-E1A35CF3035E}.Debug|x86.ActiveCfg = Debug|Any CPU
		{844A568E-505E-4B4F-A651-E1A35CF3035E}.Debug|x86.Build.0 = Debug|Any CPU
		{844A568E-505E-4B4F-A651-E1A35CF3035E}.Release|Any CPU.ActiveCfg = Release|Any CPU
		{844A568E-505E-4B4F-A651-E1A35CF3035E}.Release|Any CPU.Build.0 = Release|Any CPU
		{844A568E-505E-4B4F-A651-E1A35CF3035E}.Release|x64.ActiveCfg = Release|Any CPU
		{844A568E-505E-4B4F-A651-E1A35CF3035E}.Release|x64.Build.0 = Release|Any CPU
		{844A568E-505E-4B4F-A651-E1A35CF3035E}.Release|x86.ActiveCfg = Release|Any CPU
		{844A568E-505E-4B4F-A651-E1A35CF3035E}.Release|x86.Build.0 = Release|Any CPU
		{F037E0A6-C5D8-4645-932B-FD76E5F4CCC6}.Debug|Any CPU.ActiveCfg = Debug|Any CPU
		{F037E0A6-C5D8-4645-932B-FD76E5F4CCC6}.Debug|Any CPU.Build.0 = Debug|Any CPU
		{F037E0A6-C5D8-4645-932B-FD76E5F4CCC6}.Debug|x64.ActiveCfg = Debug|Any CPU
		{F037E0A6-C5D8-4645-932B-FD76E5F4CCC6}.Debug|x64.Build.0 = Debug|Any CPU
		{F037E0A6-C5D8-4645-932B-FD76E5F4CCC6}.Debug|x86.ActiveCfg = Debug|Any CPU
		{F037E0A6-C5D8-4645-932B-FD76E5F4CCC6}.Debug|x86.Build.0 = Debug|Any CPU
		{F037E0A6-C5D8-4645-932B-FD76E5F4CCC6}.Release|Any CPU.ActiveCfg = Release|Any CPU
		{F037E0A6-C5D8-4645-932B-FD76E5F4CCC6}.Release|Any CPU.Build.0 = Release|Any CPU
		{F037E0A6-C5D8-4645-932B-FD76E5F4CCC6}.Release|x64.ActiveCfg = Release|Any CPU
		{F037E0A6-C5D8-4645-932B-FD76E5F4CCC6}.Release|x64.Build.0 = Release|Any CPU
		{F037E0A6-C5D8-4645-932B-FD76E5F4CCC6}.Release|x86.ActiveCfg = Release|Any CPU
		{F037E0A6-C5D8-4645-932B-FD76E5F4CCC6}.Release|x86.Build.0 = Release|Any CPU
		{C4438E49-F352-40D9-89B0-10F5C6DFF718}.Debug|Any CPU.ActiveCfg = Debug|Any CPU
		{C4438E49-F352-40D9-89B0-10F5C6DFF718}.Debug|Any CPU.Build.0 = Debug|Any CPU
		{C4438E49-F352-40D9-89B0-10F5C6DFF718}.Debug|x64.ActiveCfg = Debug|Any CPU
		{C4438E49-F352-40D9-89B0-10F5C6DFF718}.Debug|x64.Build.0 = Debug|Any CPU
		{C4438E49-F352-40D9-89B0-10F5C6DFF718}.Debug|x86.ActiveCfg = Debug|Any CPU
		{C4438E49-F352-40D9-89B0-10F5C6DFF718}.Debug|x86.Build.0 = Debug|Any CPU
		{C4438E49-F352-40D9-89B0-10F5C6DFF718}.Release|Any CPU.ActiveCfg = Release|Any CPU
		{C4438E49-F352-40D9-89B0-10F5C6DFF718}.Release|Any CPU.Build.0 = Release|Any CPU
		{C4438E49-F352-40D9-89B0-10F5C6DFF718}.Release|x64.ActiveCfg = Release|Any CPU
		{C4438E49-F352-40D9-89B0-10F5C6DFF718}.Release|x64.Build.0 = Release|Any CPU
		{C4438E49-F352-40D9-89B0-10F5C6DFF718}.Release|x86.ActiveCfg = Release|Any CPU
		{C4438E49-F352-40D9-89B0-10F5C6DFF718}.Release|x86.Build.0 = Release|Any CPU
		{7E6C4A3E-0A4B-4E94-A5C4-3F4D4A1F9A11}.Debug|Any CPU.ActiveCfg = Debug|Any CPU
		{7E6C4A3E-0A4B-4E94-A5C4-3F4D4A1F9A11}.Debug|Any CPU.Build.0 = Debug|Any CPU
		{7E6C4A3E-0A4B-4E94-A5C4-3F4D4A1F9A11}.Debug|x64.ActiveCfg = Debug|Any CPU
		{7E6C4A3E-0A4B-4E94-A5C4-3F4D4A1F9A11}.Debug|x64.Build.0 = Debug|Any CPU
		{7E6C4A3E-0A4B-4E94-A5C4-3F4D4A1F9A11}.Debug|x86.ActiveCfg = Debug|Any CPU
		{7E6C4A3E-0A4B-4E94-A5C4-3F4D4A1F9A11}.Debug|x86.Build.0 = Debug|Any CPU
		{7E6C4A3E-0A4B-4E94-A5C4-3F4D4A1F9A11}.Release|Any CPU.ActiveCfg = Release|Any CPU
		{7E6C4A3E-0A4B-4E94-A5C4-3F4D4A1F9A11}.Release|Any CPU.Build.0 = Release|Any CPU
		{7E6C4A3E-0A4B-4E94-A5C4-3F4D4A1F9A11}.Release|x64.ActiveCfg = Release|Any CPU
		{7E6C4A3E-0A4B-4E94-A5C4-3F4D4A1F9A11}.Release|x64.Build.0 = Release|Any CPU
		{7E6C4A3E-0A4B-4E94-A5C4-3F4D4A1F9A11}.Release|x86.ActiveCfg = Release|Any CPU
		{7E6C4A3E-0A4B-4E94-A5C4-3F4D4A1F9A11}.Release|x86.Build.0 = Release|Any CPU
	EndGlobalSection
	GlobalSection(SolutionProperties) = preSolution
		HideSolutionNode = FALSE
	EndGlobalSection
	GlobalSection(NestedProjects) = preSolution
		{66321B63-6818-485F-BEB2-C30053EC21A7} = {827E0CD3-B72D-47B6-A68D-7590B98EB39B}
		{C6D41AD0-CF92-4131-947B-DFB2D7805B80} = {827E0CD3-B72D-47B6-A68D-7590B98EB39B}
		{1577DE4C-2ABA-49B2-8959-168EA00819FB} = {827E0CD3-B72D-47B6-A68D-7590B98EB39B}
		{844A568E-505E-4B4F-A651-E1A35CF3035E} = {827E0CD3-B72D-47B6-A68D-7590B98EB39B}
		{F037E0A6-C5D8-4645-932B-FD76E5F4CCC6} = {827E0CD3-B72D-47B6-A68D-7590B98EB39B}
		{C4438E49-F352-40D9-89B0-10F5C6DFF718} = {827E0CD3-B72D-47B6-A68D-7590B98EB39B}
		{7E6C4A3E-0A4B-4E94-A5C4-3F4D4A1F9A11} = {827E0CD3-B72D-47B6-A68D-7590B98EB39B}
	EndGlobalSection
EndGlobal
